
Microsoft Visual Studio Solution File, Format Version 12.00
# Visual Studio 2012
Project("{FAE04EC0-301F-11D3-BF4B-00C04F79EFBC}") = "Demo.AngularJS.UI.Web", "Demo.AngularJS.UI.Web\Demo.AngularJS.UI.Web.csproj", "{BF01CAC1-E009-4E1B-B013-3A3FA73ED18B}"
EndProject
Project("{FAE04EC0-301F-11D3-BF4B-00C04F79EFBC}") = "Demo.AngularJS.UI.Web.Tests", "Demo.AngularJS.UI.Web.Tests\Demo.AngularJS.UI.Web.Tests.csproj", "{854463FB-1452-45EF-ACFF-13382B347FC2}"
EndProject
Global
	GlobalSection(SolutionConfigurationPlatforms) = preSolution
		Debug|Any CPU = Debug|Any CPU
		Release|Any CPU = Release|Any CPU
	EndGlobalSection
	GlobalSection(ProjectConfigurationPlatforms) = postSolution
		{BF01CAC1-E009-4E1B-B013-3A3FA73ED18B}.Debug|Any CPU.ActiveCfg = Debug|Any CPU
		{BF01CAC1-E009-4E1B-B013-3A3FA73ED18B}.Debug|Any CPU.Build.0 = Debug|Any CPU
		{BF01CAC1-E009-4E1B-B013-3A3FA73ED18B}.Release|Any CPU.ActiveCfg = Release|Any CPU
		{BF01CAC1-E009-4E1B-B013-3A3FA73ED18B}.Release|Any CPU.Build.0 = Release|Any CPU
		{854463FB-1452-45EF-ACFF-13382B347FC2}.Debug|Any CPU.ActiveCfg = Debug|Any CPU
		{854463FB-1452-45EF-ACFF-13382B347FC2}.Debug|Any CPU.Build.0 = Debug|Any CPU
		{854463FB-1452-45EF-ACFF-13382B347FC2}.Release|Any CPU.ActiveCfg = Release|Any CPU
		{854463FB-1452-45EF-ACFF-13382B347FC2}.Release|Any CPU.Build.0 = Release|Any CPU
	EndGlobalSection
	GlobalSection(SolutionProperties) = preSolution
		HideSolutionNode = FALSE
	EndGlobalSection
EndGlobal
